<Solution>
  <Project Path="TransportERP.Api/TransportERP.Api.csproj" />
  <Project Path="TransportERP.Application/TransportERP.Application.csproj" />
  <Project Path="TransportERP.Contracts/TransportERP.Contracts.csproj" />
  <Project Path="TransportERP.Desktop/TransportERP.Desktop.csproj" />
  <Project Path="TransportERP.Infrastructure/TransportERP.Infrastructure.csproj" />
  <Project Path="TransportERP.Tests/TransportERP.Tests.csproj" />
  <Project Path="TransportERP/TransportERP.Domain.csproj" />
</Solution>
